
Microsoft Visual Studio Solution File, Format Version 12.00
# Visual Studio Version 17
VisualStudioVersion = 17.7.34024.191
MinimumVisualStudioVersion = 10.0.40219.1
Project("{C9674DCB-5085-4A16-B785-4C70DD1589BD}") = "DBGPOBIG Sincronizacion", "DBGPOBIG Sincronizacion\DBGPOBIG Sincronizacion.dtproj", "{205C9573-9DE5-4678-A630-C7BFB75659CA}"
EndProject
Global
	GlobalSection(SolutionConfigurationPlatforms) = preSolution
		Development|Default = Development|Default
	EndGlobalSection
	GlobalSection(ProjectConfigurationPlatforms) = postSolution
		{205C9573-9DE5-4678-A630-C7BFB75659CA}.Development|Default.ActiveCfg = Development
		{205C9573-9DE5-4678-A630-C7BFB75659CA}.Development|Default.Build.0 = Development
	EndGlobalSection
	GlobalSection(SolutionProperties) = preSolution
		HideSolutionNode = FALSE
	EndGlobalSection
	GlobalSection(ExtensibilityGlobals) = postSolution
		SolutionGuid = {7BC52653-6089-4E25-A00D-D796D86B7BD7}
	EndGlobalSection
EndGlobal
